// !$*UTF8*$!
{
	archiveVersion = 1;
	classes = {
	};
	objectVersion = 56;
	objects = {

/* Begin PBXBuildFile section */
		D354895A2C920FDA0019F58C /* tourBasqueCountryApp.swift in Sources */ = {isa = PBXBuildFile; fileRef = D35489592C920FDA0019F58C /* tourBasqueCountryApp.swift */; };
		D354895C2C920FDA0019F58C /* ContentView.swift in Sources */ = {isa = PBXBuildFile; fileRef = D354895B2C920FDA0019F58C /* ContentView.swift */; };
		D354895E2C920FDB0019F58C /* Assets.xcassets in Resources */ = {isa = PBXBuildFile; fileRef = D354895D2C920FDB0019F58C /* Assets.xcassets */; };
		D35489612C920FDB0019F58C /* Preview Assets.xcassets in Resources */ = {isa = PBXBuildFile; fileRef = D35489602C920FDB0019F58C /* Preview Assets.xcassets */; };
		D35489632C920FDB0019F58C /* Persistence.swift in Sources */ = {isa = PBXBuildFile; fileRef = D35489622C920FDB0019F58C /* Persistence.swift */; };
		D35489662C920FDB0019F58C /* tourBasqueCountry.xcdatamodeld in Sources */ = {isa = PBXBuildFile; fileRef = D35489642C920FDB0019F58C /* tourBasqueCountry.xcdatamodeld */; };
		D354896E2C9210F40019F58C /* GoogleService-Info.plist in Resources */ = {isa = PBXBuildFile; fileRef = D354896D2C9210F40019F58C /* GoogleService-Info.plist */; };
		D35489712C9211510019F58C /* FirebaseAnalytics in Frameworks */ = {isa = PBXBuildFile; productRef = D35489702C9211510019F58C /* FirebaseAnalytics */; };
		D35489732C9211510019F58C /* FirebaseAuth in Frameworks */ = {isa = PBXBuildFile; productRef = D35489722C9211510019F58C /* FirebaseAuth */; };
		D35489752C9211510019F58C /* FirebaseCrashlytics in Frameworks */ = {isa = PBXBuildFile; productRef = D35489742C9211510019F58C /* FirebaseCrashlytics */; };
		D35489772C9211510019F58C /* FirebaseFirestore in Frameworks */ = {isa = PBXBuildFile; productRef = D35489762C9211510019F58C /* FirebaseFirestore */; };
		D35489792C9211510019F58C /* FirebaseStorage in Frameworks */ = {isa = PBXBuildFile; productRef = D35489782C9211510019F58C /* FirebaseStorage */; };
		D354897C2C9211690019F58C /* KeychainSwift in Frameworks */ = {isa = PBXBuildFile; productRef = D354897B2C9211690019F58C /* KeychainSwift */; };
/* End PBXBuildFile section */

/* Begin PBXFileReference section */
		D35489562C920FD90019F58C /* tourBasqueCountry.app */ = {isa = PBXFileReference; explicitFileType = wrapper.application; includeInIndex = 0; path = tourBasqueCountry.app; sourceTree = BUILT_PRODUCTS_DIR; };
		D35489592C920FDA0019F58C /* tourBasqueCountryApp.swift */ = {isa = PBXFileReference; lastKnownFileType = sourcecode.swift; path = tourBasqueCountryApp.swift; sourceTree = "<group>"; };
		D354895B2C920FDA0019F58C /* ContentView.swift */ = {isa = PBXFileReference; lastKnownFileType = sourcecode.swift; path = ContentView.swift; sourceTree = "<group>"; };
		D354895D2C920FDB0019F58C /* Assets.xcassets */ = {isa = PBXFileReference; lastKnownFileType = folder.assetcatalog; path = Assets.xcassets; sourceTree = "<group>"; };
		D35489602C920FDB0019F58C /* Preview Assets.xcassets */ = {isa = PBXFileReference; lastKnownFileType = folder.assetcatalog; path = "Preview Assets.xcassets"; sourceTree = "<group>"; };
		D35489622C920FDB0019F58C /* Persistence.swift */ = {isa = PBXFileReference; lastKnownFileType = sourcecode.swift; path = Persistence.swift; sourceTree = "<group>"; };
		D35489652C920FDB0019F58C /* tourBasqueCountry.xcdatamodel */ = {isa = PBXFileReference; lastKnownFileType = wrapper.xcdatamodel; path = tourBasqueCountry.xcdatamodel; sourceTree = "<group>"; };
		D354896D2C9210F40019F58C /* GoogleService-Info.plist */ = {isa = PBXFileReference; fileEncoding = 4; lastKnownFileType = text.plist.xml; path = "GoogleService-Info.plist"; sourceTree = "<group>"; };
/* End PBXFileReference section */

/* Begin PBXFrameworksBuildPhase section */
		D35489532C920FD90019F58C /* Frameworks */ = {
			isa = PBXFrameworksBuildPhase;
			buildActionMask = 2147483647;
			files = (
				D354897C2C9211690019F58C /* KeychainSwift in Frameworks */,
				D35489752C9211510019F58C /* FirebaseCrashlytics in Frameworks */,
				D35489772C9211510019F58C /* FirebaseFirestore in Frameworks */,
				D35489712C9211510019F58C /* FirebaseAnalytics in Frameworks */,
				D35489792C9211510019F58C /* FirebaseStorage in Frameworks */,
				D35489732C9211510019F58C /* FirebaseAuth in Frameworks */,
			);
			runOnlyForDeploymentPostprocessing = 0;
		};
/* End PBXFrameworksBuildPhase section */

/* Begin PBXGroup section */
		D354894D2C920FD90019F58C = {
			isa = PBXGroup;
			children = (
				D35489582C920FDA0019F58C /* tourBasqueCountry */,
				D35489572C920FD90019F58C /* Products */,
			);
			sourceTree = "<group>";
		};
		D35489572C920FD90019F58C /* Products */ = {
			isa = PBXGroup;
			children = (
				D35489562C920FD90019F58C /* tourBasqueCountry.app */,
			);
			name = Products;
			sourceTree = "<group>";
		};
		D35489582C920FDA0019F58C /* tourBasqueCountry */ = {
			isa = PBXGroup;
			children = (
				D354897D2C9211870019F58C /* App */,
				D354895B2C920FDA0019F58C /* ContentView.swift */,
				D354896C2C9210B30019F58C /* SupportingFiles */,
				D35489622C920FDB0019F58C /* Persistence.swift */,
				D35489642C920FDB0019F58C /* tourBasqueCountry.xcdatamodeld */,
				D354895F2C920FDB0019F58C /* Preview Content */,
			);
			path = tourBasqueCountry;
			sourceTree = "<group>";
		};
		D354895F2C920FDB0019F58C /* Preview Content */ = {
			isa = PBXGroup;
			children = (
				D35489602C920FDB0019F58C /* Preview Assets.xcassets */,
			);
			path = "Preview Content";
			sourceTree = "<group>";
		};
		D354896C2C9210B30019F58C /* SupportingFiles */ = {
			isa = PBXGroup;
			children = (
				D354895D2C920FDB0019F58C /* Assets.xcassets */,
				D354896D2C9210F40019F58C /* GoogleService-Info.plist */,
			);
			path = SupportingFiles;
			sourceTree = "<group>";
		};
		D354897D2C9211870019F58C /* App */ = {
			isa = PBXGroup;
			children = (
				D35489592C920FDA0019F58C /* tourBasqueCountryApp.swift */,
			);
			path = App;
			sourceTree = "<group>";
		};
/* End PBXGroup section */

/* Begin PBXNativeTarget section */
		D35489552C920FD90019F58C /* tourBasqueCountry */ = {
			isa = PBXNativeTarget;
			buildConfigurationList = D35489692C920FDB0019F58C /* Build configuration list for PBXNativeTarget "tourBasqueCountry" */;
			buildPhases = (
				D35489522C920FD90019F58C /* Sources */,
				D35489532C920FD90019F58C /* Frameworks */,
				D35489542C920FD90019F58C /* Resources */,
			);
			buildRules = (
			);
			dependencies = (
			);
			name = tourBasqueCountry;
			packageProductDependencies = (
				D35489702C9211510019F58C /* FirebaseAnalytics */,
				D35489722C9211510019F58C /* FirebaseAuth */,
				D35489742C9211510019F58C /* FirebaseCrashlytics */,
				D35489762C9211510019F58C /* FirebaseFirestore */,
				D35489782C9211510019F58C /* FirebaseStorage */,
				D354897B2C9211690019F58C /* KeychainSwift */,
			);
			productName = tourBasqueCountry;
			productReference = D35489562C920FD90019F58C /* tourBasqueCountry.app */;
			productType = "com.apple.product-type.application";
		};
/* End PBXNativeTarget section */

/* Begin PBXProject section */
		D354894E2C920FD90019F58C /* Project object */ = {
			isa = PBXProject;
			attributes = {
				BuildIndependentTargetsInParallel = 1;
				LastSwiftUpdateCheck = 1540;
				LastUpgradeCheck = 1540;
				TargetAttributes = {
					D35489552C920FD90019F58C = {
						CreatedOnToolsVersion = 15.4;
					};
				};
			};
			buildConfigurationList = D35489512C920FD90019F58C /* Build configuration list for PBXProject "tourBasqueCountry" */;
			compatibilityVersion = "Xcode 14.0";
			developmentRegion = en;
			hasScannedForEncodings = 0;
			knownRegions = (
				en,
				Base,
			);
			mainGroup = D354894D2C920FD90019F58C;
			packageReferences = (
				D354896F2C9211510019F58C /* XCRemoteSwiftPackageReference "firebase-ios-sdk" */,
				D354897A2C9211690019F58C /* XCRemoteSwiftPackageReference "keychain-swift" */,
			);
			productRefGroup = D35489572C920FD90019F58C /* Products */;
			projectDirPath = "";
			projectRoot = "";
			targets = (
				D35489552C920FD90019F58C /* tourBasqueCountry */,
			);
		};
/* End PBXProject section */

/* Begin PBXResourcesBuildPhase section */
		D35489542C920FD90019F58C /* Resources */ = {
			isa = PBXResourcesBuildPhase;
			buildActionMask = 2147483647;
			files = (
				D35489612C920FDB0019F58C /* Preview Assets.xcassets in Resources */,
				D354895E2C920FDB0019F58C /* Assets.xcassets in Resources */,
				D354896E2C9210F40019F58C /* GoogleService-Info.plist in Resources */,
			);
			runOnlyForDeploymentPostprocessing = 0;
		};
/* End PBXResourcesBuildPhase section */

/* Begin PBXSourcesBuildPhase section */
		D35489522C920FD90019F58C /* Sources */ = {
			isa = PBXSourcesBuildPhase;
			buildActionMask = 2147483647;
			files = (
				D35489632C920FDB0019F58C /* Persistence.swift in Sources */,
				D35489662C920FDB0019F58C /* tourBasqueCountry.xcdatamodeld in Sources */,
				D354895C2C920FDA0019F58C /* ContentView.swift in Sources */,
				D354895A2C920FDA0019F58C /* tourBasqueCountryApp.swift in Sources */,
			);
			runOnlyForDeploymentPostprocessing = 0;
		};
/* End PBXSourcesBuildPhase section */

/* Begin XCBuildConfiguration section */
		D35489672C920FDB0019F58C /* Debug */ = {
			isa = XCBuildConfiguration;
			buildSettings = {
				ALWAYS_SEARCH_USER_PATHS = NO;
				ASSETCATALOG_COMPILER_GENERATE_SWIFT_ASSET_SYMBOL_EXTENSIONS = YES;
				CLANG_ANALYZER_NONNULL = YES;
				CLANG_ANALYZER_NUMBER_OBJECT_CONVERSION = YES_AGGRESSIVE;
				CLANG_CXX_LANGUAGE_STANDARD = "gnu++20";
				CLANG_ENABLE_MODULES = YES;
				CLANG_ENABLE_OBJC_ARC = YES;
				CLANG_ENABLE_OBJC_WEAK = YES;
				CLANG_WARN_BLOCK_CAPTURE_AUTORELEASING = YES;
				CLANG_WARN_BOOL_CONVERSION = YES;
				CLANG_WARN_COMMA = YES;
				CLANG_WARN_CONSTANT_CONVERSION = YES;
				CLANG_WARN_DEPRECATED_OBJC_IMPLEMENTATIONS = YES;
				CLANG_WARN_DIRECT_OBJC_ISA_USAGE = YES_ERROR;
				CLANG_WARN_DOCUMENTATION_COMMENTS = YES;
				CLANG_WARN_EMPTY_BODY = YES;
				CLANG_WARN_ENUM_CONVERSION = YES;
				CLANG_WARN_INFINITE_RECURSION = YES;
				CLANG_WARN_INT_CONVERSION = YES;
				CLANG_WARN_NON_LITERAL_NULL_CONVERSION = YES;
				CLANG_WARN_OBJC_IMPLICIT_RETAIN_SELF = YES;
				CLANG_WARN_OBJC_LITERAL_CONVERSION = YES;
				CLANG_WARN_OBJC_ROOT_CLASS = YES_ERROR;
				CLANG_WARN_QUOTED_INCLUDE_IN_FRAMEWORK_HEADER = YES;
				CLANG_WARN_RANGE_LOOP_ANALYSIS = YES;
				CLANG_WARN_STRICT_PROTOTYPES = YES;
				CLANG_WARN_SUSPICIOUS_MOVE = YES;
				CLANG_WARN_UNGUARDED_AVAILABILITY = YES_AGGRESSIVE;
				CLANG_WARN_UNREACHABLE_CODE = YES;
				CLANG_WARN__DUPLICATE_METHOD_MATCH = YES;
				COPY_PHASE_STRIP = NO;
				DEBUG_INFORMATION_FORMAT = dwarf;
				ENABLE_STRICT_OBJC_MSGSEND = YES;
				ENABLE_TESTABILITY = YES;
				ENABLE_USER_SCRIPT_SANDBOXING = YES;
				GCC_C_LANGUAGE_STANDARD = gnu17;
				GCC_DYNAMIC_NO_PIC = NO;
				GCC_NO_COMMON_BLOCKS = YES;
				GCC_OPTIMIZATION_LEVEL = 0;
				GCC_PREPROCESSOR_DEFINITIONS = (
					"DEBUG=1",
					"$(inherited)",
				);
				GCC_WARN_64_TO_32_BIT_CONVERSION = YES;
				GCC_WARN_ABOUT_RETURN_TYPE = YES_ERROR;
				GCC_WARN_UNDECLARED_SELECTOR = YES;
				GCC_WARN_UNINITIALIZED_AUTOS = YES_AGGRESSIVE;
				GCC_WARN_UNUSED_FUNCTION = YES;
				GCC_WARN_UNUSED_VARIABLE = YES;
				IPHONEOS_DEPLOYMENT_TARGET = 17.5;
				LOCALIZATION_PREFERS_STRING_CATALOGS = YES;
				MTL_ENABLE_DEBUG_INFO = INCLUDE_SOURCE;
				MTL_FAST_MATH = YES;
				ONLY_ACTIVE_ARCH = YES;
				SDKROOT = iphoneos;
				SWIFT_ACTIVE_COMPILATION_CONDITIONS = "DEBUG $(inherited)";
				SWIFT_OPTIMIZATION_LEVEL = "-Onone";
			};
			name = Debug;
		};
		D35489682C920FDB0019F58C /* Release */ = {
			isa = XCBuildConfiguration;
			buildSettings = {
				ALWAYS_SEARCH_USER_PATHS = NO;
				ASSETCATALOG_COMPILER_GENERATE_SWIFT_ASSET_SYMBOL_EXTENSIONS = YES;
				CLANG_ANALYZER_NONNULL = YES;
				CLANG_ANALYZER_NUMBER_OBJECT_CONVERSION = YES_AGGRESSIVE;
				CLANG_CXX_LANGUAGE_STANDARD = "gnu++20";
				CLANG_ENABLE_MODULES = YES;
				CLANG_ENABLE_OBJC_ARC = YES;
				CLANG_ENABLE_OBJC_WEAK = YES;
				CLANG_WARN_BLOCK_CAPTURE_AUTORELEASING = YES;
				CLANG_WARN_BOOL_CONVERSION = YES;
				CLANG_WARN_COMMA = YES;
				CLANG_WARN_CONSTANT_CONVERSION = YES;
				CLANG_WARN_DEPRECATED_OBJC_IMPLEMENTATIONS = YES;
				CLANG_WARN_DIRECT_OBJC_ISA_USAGE = YES_ERROR;
				CLANG_WARN_DOCUMENTATION_COMMENTS = YES;
				CLANG_WARN_EMPTY_BODY = YES;
				CLANG_WARN_ENUM_CONVERSION = YES;
				CLANG_WARN_INFINITE_RECURSION = YES;
				CLANG_WARN_INT_CONVERSION = YES;
				CLANG_WARN_NON_LITERAL_NULL_CONVERSION = YES;
				CLANG_WARN_OBJC_IMPLICIT_RETAIN_SELF = YES;
				CLANG_WARN_OBJC_LITERAL_CONVERSION = YES;
				CLANG_WARN_OBJC_ROOT_CLASS = YES_ERROR;
				CLANG_WARN_QUOTED_INCLUDE_IN_FRAMEWORK_HEADER = YES;
				CLANG_WARN_RANGE_LOOP_ANALYSIS = YES;
				CLANG_WARN_STRICT_PROTOTYPES = YES;
				CLANG_WARN_SUSPICIOUS_MOVE = YES;
				CLANG_WARN_UNGUARDED_AVAILABILITY = YES_AGGRESSIVE;
				CLANG_WARN_UNREACHABLE_CODE = YES;
				CLANG_WARN__DUPLICATE_METHOD_MATCH = YES;
				COPY_PHASE_STRIP = NO;
				DEBUG_INFORMATION_FORMAT = "dwarf-with-dsym";
				ENABLE_NS_ASSERTIONS = NO;
				ENABLE_STRICT_OBJC_MSGSEND = YES;
				ENABLE_USER_SCRIPT_SANDBOXING = YES;
				GCC_C_LANGUAGE_STANDARD = gnu17;
				GCC_NO_COMMON_BLOCKS = YES;
				GCC_WARN_64_TO_32_BIT_CONVERSION = YES;
				GCC_WARN_ABOUT_RETURN_TYPE = YES_ERROR;
				GCC_WARN_UNDECLARED_SELECTOR = YES;
				GCC_WARN_UNINITIALIZED_AUTOS = YES_AGGRESSIVE;
				GCC_WARN_UNUSED_FUNCTION = YES;
				GCC_WARN_UNUSED_VARIABLE = YES;
				IPHONEOS_DEPLOYMENT_TARGET = 17.5;
				LOCALIZATION_PREFERS_STRING_CATALOGS = YES;
				MTL_ENABLE_DEBUG_INFO = NO;
				MTL_FAST_MATH = YES;
				SDKROOT = iphoneos;
				SWIFT_COMPILATION_MODE = wholemodule;
				VALIDATE_PRODUCT = YES;
			};
			name = Release;
		};
		D354896A2C920FDB0019F58C /* Debug */ = {
			isa = XCBuildConfiguration;
			buildSettings = {
				ASSETCATALOG_COMPILER_APPICON_NAME = AppIcon;
				ASSETCATALOG_COMPILER_GLOBAL_ACCENT_COLOR_NAME = AccentColor;
				CODE_SIGN_STYLE = Automatic;
				CURRENT_PROJECT_VERSION = 1;
				DEVELOPMENT_ASSET_PATHS = "\"tourBasqueCountry/Preview Content\"";
				DEVELOPMENT_TEAM = BHC56Q6KCK;
				ENABLE_PREVIEWS = YES;
				GENERATE_INFOPLIST_FILE = YES;
				INFOPLIST_KEY_UIApplicationSceneManifest_Generation = YES;
				INFOPLIST_KEY_UIApplicationSupportsIndirectInputEvents = YES;
				INFOPLIST_KEY_UILaunchScreen_Generation = YES;
				INFOPLIST_KEY_UISupportedInterfaceOrientations_iPad = "UIInterfaceOrientationPortrait UIInterfaceOrientationPortraitUpsideDown UIInterfaceOrientationLandscapeLeft UIInterfaceOrientationLandscapeRight";
				INFOPLIST_KEY_UISupportedInterfaceOrientations_iPhone = "UIInterfaceOrientationPortrait UIInterfaceOrientationLandscapeLeft UIInterfaceOrientationLandscapeRight";
				LD_RUNPATH_SEARCH_PATHS = (
					"$(inherited)",
					"@executable_path/Frameworks",
				);
				MARKETING_VERSION = 1.0;
				PRODUCT_BUNDLE_IDENTIFIER = com.tourBasqueCountry.app;
				PRODUCT_NAME = "$(TARGET_NAME)";
				SWIFT_EMIT_LOC_STRINGS = YES;
				SWIFT_VERSION = 5.0;
				TARGETED_DEVICE_FAMILY = "1,2";
			};
			name = Debug;
		};
		D354896B2C920FDB0019F58C /* Release */ = {
			isa = XCBuildConfiguration;
			buildSettings = {
				ASSETCATALOG_COMPILER_APPICON_NAME = AppIcon;
				ASSETCATALOG_COMPILER_GLOBAL_ACCENT_COLOR_NAME = AccentColor;
				CODE_SIGN_STYLE = Automatic;
				CURRENT_PROJECT_VERSION = 1;
				DEVELOPMENT_ASSET_PATHS = "\"tourBasqueCountry/Preview Content\"";
				DEVELOPMENT_TEAM = BHC56Q6KCK;
				ENABLE_PREVIEWS = YES;
				GENERATE_INFOPLIST_FILE = YES;
				INFOPLIST_KEY_UIApplicationSceneManifest_Generation = YES;
				INFOPLIST_KEY_UIApplicationSupportsIndirectInputEvents = YES;
				INFOPLIST_KEY_UILaunchScreen_Generation = YES;
				INFOPLIST_KEY_UISupportedInterfaceOrientations_iPad = "UIInterfaceOrientationPortrait UIInterfaceOrientationPortraitUpsideDown UIInterfaceOrientationLandscapeLeft UIInterfaceOrientationLandscapeRight";
				INFOPLIST_KEY_UISupportedInterfaceOrientations_iPhone = "UIInterfaceOrientationPortrait UIInterfaceOrientationLandscapeLeft UIInterfaceOrientationLandscapeRight";
				LD_RUNPATH_SEARCH_PATHS = (
					"$(inherited)",
					"@executable_path/Frameworks",
				);
				MARKETING_VERSION = 1.0;
				PRODUCT_BUNDLE_IDENTIFIER = com.tourBasqueCountry.app;
				PRODUCT_NAME = "$(TARGET_NAME)";
				SWIFT_EMIT_LOC_STRINGS = YES;
				SWIFT_VERSION = 5.0;
				TARGETED_DEVICE_FAMILY = "1,2";
			};
			name = Release;
		};
/* End XCBuildConfiguration section */

/* Begin XCConfigurationList section */
		D35489512C920FD90019F58C /* Build configuration list for PBXProject "tourBasqueCountry" */ = {
			isa = XCConfigurationList;
			buildConfigurations = (
				D35489672C920FDB0019F58C /* Debug */,
				D35489682C920FDB0019F58C /* Release */,
			);
			defaultConfigurationIsVisible = 0;
			defaultConfigurationName = Release;
		};
		D35489692C920FDB0019F58C /* Build configuration list for PBXNativeTarget "tourBasqueCountry" */ = {
			isa = XCConfigurationList;
			buildConfigurations = (
				D354896A2C920FDB0019F58C /* Debug */,
				D354896B2C920FDB0019F58C /* Release */,
			);
			defaultConfigurationIsVisible = 0;
			defaultConfigurationName = Release;
		};
/* End XCConfigurationList section */

/* Begin XCRemoteSwiftPackageReference section */
		D354896F2C9211510019F58C /* XCRemoteSwiftPackageReference "firebase-ios-sdk" */ = {
			isa = XCRemoteSwiftPackageReference;
			repositoryURL = "https://github.com/firebase/firebase-ios-sdk";
			requirement = {
				kind = upToNextMajorVersion;
				minimumVersion = 11.2.0;
			};
		};
		D354897A2C9211690019F58C /* XCRemoteSwiftPackageReference "keychain-swift" */ = {
			isa = XCRemoteSwiftPackageReference;
			repositoryURL = "https://github.com/evgenyneu/keychain-swift";
			requirement = {
				kind = upToNextMajorVersion;
				minimumVersion = 24.0.0;
			};
		};
/* End XCRemoteSwiftPackageReference section */

/* Begin XCSwiftPackageProductDependency section */
		D35489702C9211510019F58C /* FirebaseAnalytics */ = {
			isa = XCSwiftPackageProductDependency;
			package = D354896F2C9211510019F58C /* XCRemoteSwiftPackageReference "firebase-ios-sdk" */;
			productName = FirebaseAnalytics;
		};
		D35489722C9211510019F58C /* FirebaseAuth */ = {
			isa = XCSwiftPackageProductDependency;
			package = D354896F2C9211510019F58C /* XCRemoteSwiftPackageReference "firebase-ios-sdk" */;
			productName = FirebaseAuth;
		};
		D35489742C9211510019F58C /* FirebaseCrashlytics */ = {
			isa = XCSwiftPackageProductDependency;
			package = D354896F2C9211510019F58C /* XCRemoteSwiftPackageReference "firebase-ios-sdk" */;
			productName = FirebaseCrashlytics;
		};
		D35489762C9211510019F58C /* FirebaseFirestore */ = {
			isa = XCSwiftPackageProductDependency;
			package = D354896F2C9211510019F58C /* XCRemoteSwiftPackageReference "firebase-ios-sdk" */;
			productName = FirebaseFirestore;
		};
		D35489782C9211510019F58C /* FirebaseStorage */ = {
			isa = XCSwiftPackageProductDependency;
			package = D354896F2C9211510019F58C /* XCRemoteSwiftPackageReference "firebase-ios-sdk" */;
			productName = FirebaseStorage;
		};
		D354897B2C9211690019F58C /* KeychainSwift */ = {
			isa = XCSwiftPackageProductDependency;
			package = D354897A2C9211690019F58C /* XCRemoteSwiftPackageReference "keychain-swift" */;
			productName = KeychainSwift;
		};
/* End XCSwiftPackageProductDependency section */

/* Begin XCVersionGroup section */
		D35489642C920FDB0019F58C /* tourBasqueCountry.xcdatamodeld */ = {
			isa = XCVersionGroup;
			children = (
				D35489652C920FDB0019F58C /* tourBasqueCountry.xcdatamodel */,
			);
			currentVersion = D35489652C920FDB0019F58C /* tourBasqueCountry.xcdatamodel */;
			path = tourBasqueCountry.xcdatamodeld;
			sourceTree = "<group>";
			versionGroupType = wrapper.xcdatamodel;
		};
/* End XCVersionGroup section */
	};
	rootObject = D354894E2C920FD90019F58C /* Project object */;
}
